
Microsoft Visual Studio Solution File, Format Version 12.00
Project("{FAE04EC0-301F-11D3-BF4B-00C04F79EFBC}") = "Day1", "Day1\Day1.csproj", "{5F4977F3-8BBE-41A7-9881-1FC40DC5648E}"
EndProject
Project("{FAE04EC0-301F-11D3-BF4B-00C04F79EFBC}") = "Day2", "Day2\Day2.csproj", "{577B3DCC-9C92-414C-89D1-B89ADE4A0D80}"
EndProject
Project("{FAE04EC0-301F-11D3-BF4B-00C04F79EFBC}") = "Day3", "Day3\Day3.csproj", "{07D970AC-4369-4703-8DE4-1D7D36D4FF33}"
EndProject
Project("{F2A71F9B-5D33-465A-A702-920D77279786}") = "Day6", "Day6\Day6.fsproj", "{9967E374-A345-494F-981F-9D21895352D6}"
EndProject
Project("{F2A71F9B-5D33-465A-A702-920D77279786}") = "Day4", "Day4\Day4.fsproj", "{2D92C144-0949-4305-B54B-F59ACE569ED1}"
EndProject
Project("{F2A71F9B-5D33-465A-A702-920D77279786}") = "Day5", "Day5\Day5.fsproj", "{C0122A46-BF3C-4400-AAAD-9DF54657B2D6}"
EndProject
Project("{FAE04EC0-301F-11D3-BF4B-00C04F79EFBC}") = "Day7", "Day7\Day7.csproj", "{E102A3DD-5753-489F-B518-D70AF2D8B698}"
EndProject
Project("{F2A71F9B-5D33-465A-A702-920D77279786}") = "Day8", "Day8\Day8.fsproj", "{DB7E244F-1623-4F66-9F2C-BBBD804C23AC}"
EndProject
Global
	GlobalSection(SolutionConfigurationPlatforms) = preSolution
		Debug|Any CPU = Debug|Any CPU
		Release|Any CPU = Release|Any CPU
	EndGlobalSection
	GlobalSection(ProjectConfigurationPlatforms) = postSolution
		{5F4977F3-8BBE-41A7-9881-1FC40DC5648E}.Debug|Any CPU.ActiveCfg = Debug|Any CPU
		{5F4977F3-8BBE-41A7-9881-1FC40DC5648E}.Debug|Any CPU.Build.0 = Debug|Any CPU
		{5F4977F3-8BBE-41A7-9881-1FC40DC5648E}.Release|Any CPU.ActiveCfg = Release|Any CPU
		{5F4977F3-8BBE-41A7-9881-1FC40DC5648E}.Release|Any CPU.Build.0 = Release|Any CPU
		{577B3DCC-9C92-414C-89D1-B89ADE4A0D80}.Debug|Any CPU.ActiveCfg = Debug|Any CPU
		{577B3DCC-9C92-414C-89D1-B89ADE4A0D80}.Debug|Any CPU.Build.0 = Debug|Any CPU
		{577B3DCC-9C92-414C-89D1-B89ADE4A0D80}.Release|Any CPU.ActiveCfg = Release|Any CPU
		{577B3DCC-9C92-414C-89D1-B89ADE4A0D80}.Release|Any CPU.Build.0 = Release|Any CPU
		{07D970AC-4369-4703-8DE4-1D7D36D4FF33}.Debug|Any CPU.ActiveCfg = Debug|Any CPU
		{07D970AC-4369-4703-8DE4-1D7D36D4FF33}.Debug|Any CPU.Build.0 = Debug|Any CPU
		{07D970AC-4369-4703-8DE4-1D7D36D4FF33}.Release|Any CPU.ActiveCfg = Release|Any CPU
		{07D970AC-4369-4703-8DE4-1D7D36D4FF33}.Release|Any CPU.Build.0 = Release|Any CPU
		{9967E374-A345-494F-981F-9D21895352D6}.Debug|Any CPU.ActiveCfg = Debug|Any CPU
		{9967E374-A345-494F-981F-9D21895352D6}.Debug|Any CPU.Build.0 = Debug|Any CPU
		{9967E374-A345-494F-981F-9D21895352D6}.Release|Any CPU.ActiveCfg = Release|Any CPU
		{9967E374-A345-494F-981F-9D21895352D6}.Release|Any CPU.Build.0 = Release|Any CPU
		{2D92C144-0949-4305-B54B-F59ACE569ED1}.Debug|Any CPU.ActiveCfg = Debug|Any CPU
		{2D92C144-0949-4305-B54B-F59ACE569ED1}.Debug|Any CPU.Build.0 = Debug|Any CPU
		{2D92C144-0949-4305-B54B-F59ACE569ED1}.Release|Any CPU.ActiveCfg = Release|Any CPU
		{2D92C144-0949-4305-B54B-F59ACE569ED1}.Release|Any CPU.Build.0 = Release|Any CPU
		{C0122A46-BF3C-4400-AAAD-9DF54657B2D6}.Debug|Any CPU.ActiveCfg = Debug|Any CPU
		{C0122A46-BF3C-4400-AAAD-9DF54657B2D6}.Debug|Any CPU.Build.0 = Debug|Any CPU
		{C0122A46-BF3C-4400-AAAD-9DF54657B2D6}.Release|Any CPU.ActiveCfg = Release|Any CPU
		{C0122A46-BF3C-4400-AAAD-9DF54657B2D6}.Release|Any CPU.Build.0 = Release|Any CPU
		{E102A3DD-5753-489F-B518-D70AF2D8B698}.Debug|Any CPU.ActiveCfg = Debug|Any CPU
		{E102A3DD-5753-489F-B518-D70AF2D8B698}.Debug|Any CPU.Build.0 = Debug|Any CPU
		{E102A3DD-5753-489F-B518-D70AF2D8B698}.Release|Any CPU.ActiveCfg = Release|Any CPU
		{E102A3DD-5753-489F-B518-D70AF2D8B698}.Release|Any CPU.Build.0 = Release|Any CPU
		{DB7E244F-1623-4F66-9F2C-BBBD804C23AC}.Debug|Any CPU.ActiveCfg = Debug|Any CPU
		{DB7E244F-1623-4F66-9F2C-BBBD804C23AC}.Debug|Any CPU.Build.0 = Debug|Any CPU
		{DB7E244F-1623-4F66-9F2C-BBBD804C23AC}.Release|Any CPU.ActiveCfg = Release|Any CPU
		{DB7E244F-1623-4F66-9F2C-BBBD804C23AC}.Release|Any CPU.Build.0 = Release|Any CPU
	EndGlobalSection
EndGlobal
